
Microsoft Visual Studio Solution File, Format Version 12.00
# Visual Studio Version 17
VisualStudioVersion = 17.2.32526.322
MinimumVisualStudioVersion = 10.0.40219.1
Project("{FAE04EC0-301F-11D3-BF4B-00C04F79EFBC}") = "Att System", "Att System\Att System.csproj", "{DF4E6D09-7B06-4194-9780-6C6C2C09F18F}"
EndProject
Global
	GlobalSection(SolutionConfigurationPlatforms) = preSolution
		Debug|Any CPU = Debug|Any CPU
		Release|Any CPU = Release|Any CPU
	EndGlobalSection
	GlobalSection(ProjectConfigurationPlatforms) = postSolution
		{DF4E6D09-7B06-4194-9780-6C6C2C09F18F}.Debug|Any CPU.ActiveCfg = Debug|Any CPU
		{DF4E6D09-7B06-4194-9780-6C6C2C09F18F}.Debug|Any CPU.Build.0 = Debug|Any CPU
		{DF4E6D09-7B06-4194-9780-6C6C2C09F18F}.Release|Any CPU.ActiveCfg = Release|Any CPU
		{DF4E6D09-7B06-4194-9780-6C6C2C09F18F}.Release|Any CPU.Build.0 = Release|Any CPU
	EndGlobalSection
	GlobalSection(SolutionProperties) = preSolution
		HideSolutionNode = FALSE
	EndGlobalSection
	GlobalSection(ExtensibilityGlobals) = postSolution
		SolutionGuid = {504C9089-34D3-41B2-A1CA-7A051179D5E1}
	EndGlobalSection
EndGlobal
